
Microsoft Visual Studio Solution File, Format Version 12.00
# Visual Studio Version 16
VisualStudioVersion = 16.0.28803.452
MinimumVisualStudioVersion = 10.0.40219.1
Project("{FAE04EC0-301F-11D3-BF4B-00C04F79EFBC}") = "MegaDesk-PokhrelAshish", "MegaDesk-PokhrelAshish.csproj", "{779C7DFE-9981-419E-8002-E3CEA482444D}"
EndProject
Global
	GlobalSection(SolutionConfigurationPlatforms) = preSolution
		Debug|Any CPU = Debug|Any CPU
		Release|Any CPU = Release|Any CPU
	EndGlobalSection
	GlobalSection(ProjectConfigurationPlatforms) = postSolution
		{779C7DFE-9981-419E-8002-E3CEA482444D}.Debug|Any CPU.ActiveCfg = Debug|Any CPU
		{779C7DFE-9981-419E-8002-E3CEA482444D}.Debug|Any CPU.Build.0 = Debug|Any CPU
		{779C7DFE-9981-419E-8002-E3CEA482444D}.Release|Any CPU.ActiveCfg = Release|Any CPU
		{779C7DFE-9981-419E-8002-E3CEA482444D}.Release|Any CPU.Build.0 = Release|Any CPU
	EndGlobalSection
	GlobalSection(SolutionProperties) = preSolution
		HideSolutionNode = FALSE
	EndGlobalSection
	GlobalSection(ExtensibilityGlobals) = postSolution
		SolutionGuid = {4B4BF144-AF35-45CB-923A-4C649D7D98C3}
	EndGlobalSection
EndGlobal
